
Microsoft Visual Studio Solution File, Format Version 12.00
# Visual Studio Version 17
VisualStudioVersion = 17.3.32811.315
MinimumVisualStudioVersion = 10.0.40219.1
Project("{FAE04EC0-301F-11D3-BF4B-00C04F79EFBC}") = "munchies-backend", "munchies-backend\munchies-backend.csproj", "{67D952EC-D3A8-4344-8257-60E66C8495C1}"
EndProject
Project("{FAE04EC0-301F-11D3-BF4B-00C04F79EFBC}") = "BLL", "BLL\BLL.csproj", "{6D852769-E5CD-4492-B478-74415BA0DE8B}"
EndProject
Project("{FAE04EC0-301F-11D3-BF4B-00C04F79EFBC}") = "DAL", "DAL\DAL.csproj", "{46A09DAF-9F59-4CC7-8C33-B1653FC44DA8}"
EndProject
Global
	GlobalSection(SolutionConfigurationPlatforms) = preSolution
		Debug|Any CPU = Debug|Any CPU
		Release|Any CPU = Release|Any CPU
	EndGlobalSection
	GlobalSection(ProjectConfigurationPlatforms) = postSolution
		{67D952EC-D3A8-4344-8257-60E66C8495C1}.Debug|Any CPU.ActiveCfg = Debug|Any CPU
		{67D952EC-D3A8-4344-8257-60E66C8495C1}.Debug|Any CPU.Build.0 = Debug|Any CPU
		{67D952EC-D3A8-4344-8257-60E66C8495C1}.Release|Any CPU.ActiveCfg = Release|Any CPU
		{67D952EC-D3A8-4344-8257-60E66C8495C1}.Release|Any CPU.Build.0 = Release|Any CPU
		{6D852769-E5CD-4492-B478-74415BA0DE8B}.Debug|Any CPU.ActiveCfg = Debug|Any CPU
		{6D852769-E5CD-4492-B478-74415BA0DE8B}.Debug|Any CPU.Build.0 = Debug|Any CPU
		{6D852769-E5CD-4492-B478-74415BA0DE8B}.Release|Any CPU.ActiveCfg = Release|Any CPU
		{6D852769-E5CD-4492-B478-74415BA0DE8B}.Release|Any CPU.Build.0 = Release|Any CPU
		{46A09DAF-9F59-4CC7-8C33-B1653FC44DA8}.Debug|Any CPU.ActiveCfg = Debug|Any CPU
		{46A09DAF-9F59-4CC7-8C33-B1653FC44DA8}.Debug|Any CPU.Build.0 = Debug|Any CPU
		{46A09DAF-9F59-4CC7-8C33-B1653FC44DA8}.Release|Any CPU.ActiveCfg = Release|Any CPU
		{46A09DAF-9F59-4CC7-8C33-B1653FC44DA8}.Release|Any CPU.Build.0 = Release|Any CPU
	EndGlobalSection
	GlobalSection(SolutionProperties) = preSolution
		HideSolutionNode = FALSE
	EndGlobalSection
	GlobalSection(ExtensibilityGlobals) = postSolution
		SolutionGuid = {26546E59-802D-4DD9-8C38-06E1DD735C23}
	EndGlobalSection
EndGlobal
